// !$*UTF8*$!
{
	archiveVersion = 1;
	classes = {
	};
	objectVersion = 46;
	objects = {

/* Begin PBXBuildFile section */
		B74C00331BF6473600798CCE /* main.cpp in Sources */ = {isa = PBXBuildFile; fileRef = B74C00321BF6473600798CCE /* main.cpp */; };
		B74C003A1BF647F900798CCE /* File.swift in Sources */ = {isa = PBXBuildFile; fileRef = B74C00391BF647F900798CCE /* File.swift */; };
/* End PBXBuildFile section */

/* Begin PBXCopyFilesBuildPhase section */
		B74C002D1BF6473600798CCE /* CopyFiles */ = {
			isa = PBXCopyFilesBuildPhase;
			buildActionMask = 2147483647;
			dstPath = /usr/share/man/man1/;
			dstSubfolderSpec = 0;
			files = (
			);
			runOnlyForDeploymentPostprocessing = 1;
		};
/* End PBXCopyFilesBuildPhase section */

/* Begin PBXFileReference section */
		B74C002F1BF6473600798CCE /* testc++ */ = {isa = PBXFileReference; explicitFileType = "compiled.mach-o.executable"; includeInIndex = 0; path = "testc++"; sourceTree = BUILT_PRODUCTS_DIR; };
		B74C00321BF6473600798CCE /* main.cpp */ = {isa = PBXFileReference; explicitFileType = text.script.php; path = main.cpp; sourceTree = "<group>"; };
		B74C00391BF647F900798CCE /* File.swift */ = {isa = PBXFileReference; fileEncoding = 4; lastKnownFileType = sourcecode.swift; path = File.swift; sourceTree = "<group>"; };
/* End PBXFileReference section */

/* Begin PBXFrameworksBuildPhase section */
		B74C002C1BF6473600798CCE /* Frameworks */ = {
			isa = PBXFrameworksBuildPhase;
			buildActionMask = 2147483647;
			files = (
			);
			runOnlyForDeploymentPostprocessing = 0;
		};
/* End PBXFrameworksBuildPhase section */

/* Begin PBXGroup section */
		B74C00261BF6473600798CCE = {
			isa = PBXGroup;
			children = (
				B74C00391BF647F900798CCE /* File.swift */,
				B74C00311BF6473600798CCE /* testc++ */,
				B74C00301BF6473600798CCE /* Products */,
			);
			sourceTree = "<group>";
		};
		B74C00301BF6473600798CCE /* Products */ = {
			isa = PBXGroup;
			children = (
				B74C002F1BF6473600798CCE /* testc++ */,
			);
			name = Products;
			sourceTree = "<group>";
		};
		B74C00311BF6473600798CCE /* testc++ */ = {
			isa = PBXGroup;
			children = (
				B74C00321BF6473600798CCE /* main.cpp */,
			);
			path = "testc++";
			sourceTree = "<group>";
		};
/* End PBXGroup section */

/* Begin PBXNativeTarget section */
		B74C002E1BF6473600798CCE /* testc++ */ = {
			isa = PBXNativeTarget;
			buildConfigurationList = B74C00361BF6473600798CCE /* Build configuration list for PBXNativeTarget "testc++" */;
			buildPhases = (
				B74C002B1BF6473600798CCE /* Sources */,
				B74C002C1BF6473600798CCE /* Frameworks */,
				B74C002D1BF6473600798CCE /* CopyFiles */,
			);
			buildRules = (
			);
			dependencies = (
			);
			name = "testc++";
			productName = "testc++";
			productReference = B74C002F1BF6473600798CCE /* testc++ */;
			productType = "com.apple.product-type.tool";
		};
/* End PBXNativeTarget section */

/* Begin PBXProject section */
		B74C00271BF6473600798CCE /* Project object */ = {
			isa = PBXProject;
			attributes = {
				LastUpgradeCheck = 0610;
				ORGANIZATIONNAME = pejman;
				TargetAttributes = {
					B74C002E1BF6473600798CCE = {
						CreatedOnToolsVersion = 6.1.1;
					};
				};
			};
			buildConfigurationList = B74C002A1BF6473600798CCE /* Build configuration list for PBXProject "testc++" */;
			compatibilityVersion = "Xcode 3.2";
			developmentRegion = English;
			hasScannedForEncodings = 0;
			knownRegions = (
				en,
			);
			mainGroup = B74C00261BF6473600798CCE;
			productRefGroup = B74C00301BF6473600798CCE /* Products */;
			projectDirPath = "";
			projectRoot = "";
			targets = (
				B74C002E1BF6473600798CCE /* testc++ */,
			);
		};
/* End PBXProject section */

/* Begin PBXSourcesBuildPhase section */
		B74C002B1BF6473600798CCE /* Sources */ = {
			isa = PBXSourcesBuildPhase;
			buildActionMask = 2147483647;
			files = (
				B74C00331BF6473600798CCE /* main.cpp in Sources */,
				B74C003A1BF647F900798CCE /* File.swift in Sources */,
			);
			runOnlyForDeploymentPostprocessing = 0;
		};
/* End PBXSourcesBuildPhase section */

/* Begin XCBuildConfiguration section */
		B74C00341BF6473600798CCE /* Debug */ = {
			isa = XCBuildConfiguration;
			buildSettings = {
				ALWAYS_SEARCH_USER_PATHS = NO;
				CLANG_CXX_LANGUAGE_STANDARD = "gnu++0x";
				CLANG_CXX_LIBRARY = "libc++";
				CLANG_ENABLE_MODULES = YES;
				CLANG_ENABLE_OBJC_ARC = YES;
				CLANG_WARN_BOOL_CONVERSION = YES;
				CLANG_WARN_CONSTANT_CONVERSION = YES;
				CLANG_WARN_DIRECT_OBJC_ISA_USAGE = YES_ERROR;
				CLANG_WARN_EMPTY_BODY = YES;
				CLANG_WARN_ENUM_CONVERSION = YES;
				CLANG_WARN_INT_CONVERSION = YES;
				CLANG_WARN_OBJC_ROOT_CLASS = YES_ERROR;
				CLANG_WARN_UNREACHABLE_CODE = YES;
				CLANG_WARN__DUPLICATE_METHOD_MATCH = YES;
				COPY_PHASE_STRIP = NO;
				ENABLE_STRICT_OBJC_MSGSEND = YES;
				GCC_C_LANGUAGE_STANDARD = gnu99;
				GCC_DYNAMIC_NO_PIC = NO;
				GCC_OPTIMIZATION_LEVEL = 0;
				GCC_PREPROCESSOR_DEFINITIONS = (
					"DEBUG=1",
					"$(inherited)",
				);
				GCC_SYMBOLS_PRIVATE_EXTERN = NO;
				GCC_WARN_64_TO_32_BIT_CONVERSION = YES;
				GCC_WARN_ABOUT_RETURN_TYPE = YES_ERROR;
				GCC_WARN_UNDECLARED_SELECTOR = YES;
				GCC_WARN_UNINITIALIZED_AUTOS = YES_AGGRESSIVE;
				GCC_WARN_UNUSED_FUNCTION = YES;
				GCC_WARN_UNUSED_VARIABLE = YES;
				MACOSX_DEPLOYMENT_TARGET = 10.11;
				MTL_ENABLE_DEBUG_INFO = YES;
				ONLY_ACTIVE_ARCH = YES;
				SDKROOT = macosx;
			};
			name = Debug;
		};
		B74C00351BF6473600798CCE /* Release */ = {
			isa = XCBuildConfiguration;
			buildSettings = {
				ALWAYS_SEARCH_USER_PATHS = NO;
				CLANG_CXX_LANGUAGE_STANDARD = "gnu++0x";
				CLANG_CXX_LIBRARY = "libc++";
				CLANG_ENABLE_MODULES = YES;
				CLANG_ENABLE_OBJC_ARC = YES;
				CLANG_WARN_BOOL_CONVERSION = YES;
				CLANG_WARN_CONSTANT_CONVERSION = YES;
				CLANG_WARN_DIRECT_OBJC_ISA_USAGE = YES_ERROR;
				CLANG_WARN_EMPTY_BODY = YES;
				CLANG_WARN_ENUM_CONVERSION = YES;
				CLANG_WARN_INT_CONVERSION = YES;
				CLANG_WARN_OBJC_ROOT_CLASS = YES_ERROR;
				CLANG_WARN_UNREACHABLE_CODE = YES;
				CLANG_WARN__DUPLICATE_METHOD_MATCH = YES;
				COPY_PHASE_STRIP = YES;
				DEBUG_INFORMATION_FORMAT = "dwarf-with-dsym";
				ENABLE_NS_ASSERTIONS = NO;
				ENABLE_STRICT_OBJC_MSGSEND = YES;
				GCC_C_LANGUAGE_STANDARD = gnu99;
				GCC_WARN_64_TO_32_BIT_CONVERSION = YES;
				GCC_WARN_ABOUT_RETURN_TYPE = YES_ERROR;
				GCC_WARN_UNDECLARED_SELECTOR = YES;
				GCC_WARN_UNINITIALIZED_AUTOS = YES_AGGRESSIVE;
				GCC_WARN_UNUSED_FUNCTION = YES;
				GCC_WARN_UNUSED_VARIABLE = YES;
				MACOSX_DEPLOYMENT_TARGET = 10.11;
				MTL_ENABLE_DEBUG_INFO = NO;
				SDKROOT = macosx;
			};
			name = Release;
		};
		B74C00371BF6473600798CCE /* Debug */ = {
			isa = XCBuildConfiguration;
			buildSettings = {
				PRODUCT_NAME = "$(TARGET_NAME)";
			};
			name = Debug;
		};
		B74C00381BF6473600798CCE /* Release */ = {
			isa = XCBuildConfiguration;
			buildSettings = {
				PRODUCT_NAME = "$(TARGET_NAME)";
			};
			name = Release;
		};
/* End XCBuildConfiguration section */

/* Begin XCConfigurationList section */
		B74C002A1BF6473600798CCE /* Build configuration list for PBXProject "testc++" */ = {
			isa = XCConfigurationList;
			buildConfigurations = (
				B74C00341BF6473600798CCE /* Debug */,
				B74C00351BF6473600798CCE /* Release */,
			);
			defaultConfigurationIsVisible = 0;
			defaultConfigurationName = Release;
		};
		B74C00361BF6473600798CCE /* Build configuration list for PBXNativeTarget "testc++" */ = {
			isa = XCConfigurationList;
			buildConfigurations = (
				B74C00371BF6473600798CCE /* Debug */,
				B74C00381BF6473600798CCE /* Release */,
			);
			defaultConfigurationIsVisible = 0;
		};
/* End XCConfigurationList section */
	};
	rootObject = B74C00271BF6473600798CCE /* Project object */;
}
